
Microsoft Visual Studio Solution File, Format Version 12.00
# Visual Studio Version 16
VisualStudioVersion = 16.0.29519.181
MinimumVisualStudioVersion = 10.0.40219.1
Project("{FAE04EC0-301F-11D3-BF4B-00C04F79EFBC}") = "TravellingWeb", "TravellingWeb\TravellingWeb.csproj", "{54E28120-C6B8-4453-925D-94CFA927EEC3}"
EndProject
Project("{2150E333-8FDC-42A3-9474-1A3956D46DE8}") = "Solution Items", "Solution Items", "{DD080590-E044-42E8-811E-901593E79142}"
	ProjectSection(SolutionItems) = preProject
		note.md = note.md
	EndProjectSection
EndProject
Project("{FAE04EC0-301F-11D3-BF4B-00C04F79EFBC}") = "Traveling.Data", "Traveling.Data\Traveling.Data.csproj", "{9D0BE02E-799C-4C62-A7D9-870E0A85D7A0}"
EndProject
Project("{FAE04EC0-301F-11D3-BF4B-00C04F79EFBC}") = "Travelling.Application", "Travelling.Application\Travelling.Application.csproj", "{560F34C1-9552-4F0F-BE91-CCB68DE68A62}"
EndProject
Global
	GlobalSection(SolutionConfigurationPlatforms) = preSolution
		Debug|Any CPU = Debug|Any CPU
		Release|Any CPU = Release|Any CPU
	EndGlobalSection
	GlobalSection(ProjectConfigurationPlatforms) = postSolution
		{54E28120-C6B8-4453-925D-94CFA927EEC3}.Debug|Any CPU.ActiveCfg = Debug|Any CPU
		{54E28120-C6B8-4453-925D-94CFA927EEC3}.Debug|Any CPU.Build.0 = Debug|Any CPU
		{54E28120-C6B8-4453-925D-94CFA927EEC3}.Release|Any CPU.ActiveCfg = Release|Any CPU
		{54E28120-C6B8-4453-925D-94CFA927EEC3}.Release|Any CPU.Build.0 = Release|Any CPU
		{9D0BE02E-799C-4C62-A7D9-870E0A85D7A0}.Debug|Any CPU.ActiveCfg = Debug|Any CPU
		{9D0BE02E-799C-4C62-A7D9-870E0A85D7A0}.Debug|Any CPU.Build.0 = Debug|Any CPU
		{9D0BE02E-799C-4C62-A7D9-870E0A85D7A0}.Release|Any CPU.ActiveCfg = Release|Any CPU
		{9D0BE02E-799C-4C62-A7D9-870E0A85D7A0}.Release|Any CPU.Build.0 = Release|Any CPU
		{560F34C1-9552-4F0F-BE91-CCB68DE68A62}.Debug|Any CPU.ActiveCfg = Debug|Any CPU
		{560F34C1-9552-4F0F-BE91-CCB68DE68A62}.Debug|Any CPU.Build.0 = Debug|Any CPU
		{560F34C1-9552-4F0F-BE91-CCB68DE68A62}.Release|Any CPU.ActiveCfg = Release|Any CPU
		{560F34C1-9552-4F0F-BE91-CCB68DE68A62}.Release|Any CPU.Build.0 = Release|Any CPU
	EndGlobalSection
	GlobalSection(SolutionProperties) = preSolution
		HideSolutionNode = FALSE
	EndGlobalSection
	GlobalSection(ExtensibilityGlobals) = postSolution
		SolutionGuid = {F5C6359A-EA4C-4133-8F82-252E4290DDA4}
	EndGlobalSection
EndGlobal
